
Microsoft Visual Studio Solution File, Format Version 12.00
# Visual Studio Version 16
VisualStudioVersion = 16.0.31112.23
MinimumVisualStudioVersion = 10.0.40219.1
Project("{FAE04EC0-301F-11D3-BF4B-00C04F79EFBC}") = "DAL", "DAL\DAL.csproj", "{010A2E60-0288-4686-8AF6-23396F2A708F}"
EndProject
Project("{FAE04EC0-301F-11D3-BF4B-00C04F79EFBC}") = "BL", "BL\BL.csproj", "{002EB857-8D49-49A9-AE9D-1CCA24D4A406}"
EndProject
Project("{FAE04EC0-301F-11D3-BF4B-00C04F79EFBC}") = "EL", "EL\EL.csproj", "{F9B81AFD-7B05-4A77-AE41-9E43EC4DE20A}"
EndProject
Project("{FAE04EC0-301F-11D3-BF4B-00C04F79EFBC}") = "ConsoleUI", "ConsoleUI\ConsoleUI.csproj", "{5579678E-EEF9-4393-9E4E-DC16B332F956}"
EndProject
Global
	GlobalSection(SolutionConfigurationPlatforms) = preSolution
		Debug|Any CPU = Debug|Any CPU
		Release|Any CPU = Release|Any CPU
	EndGlobalSection
	GlobalSection(ProjectConfigurationPlatforms) = postSolution
		{010A2E60-0288-4686-8AF6-23396F2A708F}.Debug|Any CPU.ActiveCfg = Debug|Any CPU
		{010A2E60-0288-4686-8AF6-23396F2A708F}.Debug|Any CPU.Build.0 = Debug|Any CPU
		{010A2E60-0288-4686-8AF6-23396F2A708F}.Release|Any CPU.ActiveCfg = Release|Any CPU
		{010A2E60-0288-4686-8AF6-23396F2A708F}.Release|Any CPU.Build.0 = Release|Any CPU
		{002EB857-8D49-49A9-AE9D-1CCA24D4A406}.Debug|Any CPU.ActiveCfg = Debug|Any CPU
		{002EB857-8D49-49A9-AE9D-1CCA24D4A406}.Debug|Any CPU.Build.0 = Debug|Any CPU
		{002EB857-8D49-49A9-AE9D-1CCA24D4A406}.Release|Any CPU.ActiveCfg = Release|Any CPU
		{002EB857-8D49-49A9-AE9D-1CCA24D4A406}.Release|Any CPU.Build.0 = Release|Any CPU
		{F9B81AFD-7B05-4A77-AE41-9E43EC4DE20A}.Debug|Any CPU.ActiveCfg = Debug|Any CPU
		{F9B81AFD-7B05-4A77-AE41-9E43EC4DE20A}.Debug|Any CPU.Build.0 = Debug|Any CPU
		{F9B81AFD-7B05-4A77-AE41-9E43EC4DE20A}.Release|Any CPU.ActiveCfg = Release|Any CPU
		{F9B81AFD-7B05-4A77-AE41-9E43EC4DE20A}.Release|Any CPU.Build.0 = Release|Any CPU
		{5579678E-EEF9-4393-9E4E-DC16B332F956}.Debug|Any CPU.ActiveCfg = Debug|Any CPU
		{5579678E-EEF9-4393-9E4E-DC16B332F956}.Debug|Any CPU.Build.0 = Debug|Any CPU
		{5579678E-EEF9-4393-9E4E-DC16B332F956}.Release|Any CPU.ActiveCfg = Release|Any CPU
		{5579678E-EEF9-4393-9E4E-DC16B332F956}.Release|Any CPU.Build.0 = Release|Any CPU
	EndGlobalSection
	GlobalSection(SolutionProperties) = preSolution
		HideSolutionNode = FALSE
	EndGlobalSection
	GlobalSection(ExtensibilityGlobals) = postSolution
		SolutionGuid = {1584FD8C-2906-4BFC-B840-E5A698E3A696}
	EndGlobalSection
EndGlobal
